
Microsoft Visual Studio Solution File, Format Version 12.00
# Visual Studio Version 17
VisualStudioVersion = 17.0.32014.148
MinimumVisualStudioVersion = 10.0.40219.1
Project("{FAE04EC0-301F-11D3-BF4B-00C04F79EFBC}") = "PhelpsEno.Android", "PhelpsEno.Mobile\PhelpsEno.Android\PhelpsEno.Android.csproj", "{F8C3573E-711E-40A6-BFA6-17FC7B04801F}"
EndProject
Project("{FAE04EC0-301F-11D3-BF4B-00C04F79EFBC}") = "PhelpsEno.iOS", "PhelpsEno.Mobile\PhelpsEno.iOS\PhelpsEno.iOS.csproj", "{60A183F4-12BB-4730-8C34-B823A91C31C3}"
EndProject
Project("{FAE04EC0-301F-11D3-BF4B-00C04F79EFBC}") = "PhelpsEno", "PhelpsEno.Mobile\PhelpsEno\PhelpsEno.csproj", "{949D002C-E17B-49F0-9D5E-C1281A844782}"
EndProject
Project("{FAE04EC0-301F-11D3-BF4B-00C04F79EFBC}") = "PhelpsEno.Dal", "PhelpsEno.Dal\PhelpsEno.Dal.csproj", "{C9C53287-8510-45AF-9B2F-92C795567B92}"
EndProject
Project("{FAE04EC0-301F-11D3-BF4B-00C04F79EFBC}") = "PhelpsEno.Web", "PhelpsEno.Web\PhelpsEno.Web.csproj", "{DA664E33-7B6A-4816-B126-4755EF32F837}"
EndProject
Global
	GlobalSection(SolutionConfigurationPlatforms) = preSolution
		Debug|Any CPU = Debug|Any CPU
		Debug|iPhone = Debug|iPhone
		Debug|iPhoneSimulator = Debug|iPhoneSimulator
		Release|Any CPU = Release|Any CPU
		Release|iPhone = Release|iPhone
		Release|iPhoneSimulator = Release|iPhoneSimulator
	EndGlobalSection
	GlobalSection(ProjectConfigurationPlatforms) = postSolution
		{F8C3573E-711E-40A6-BFA6-17FC7B04801F}.Debug|Any CPU.ActiveCfg = Debug|Any CPU
		{F8C3573E-711E-40A6-BFA6-17FC7B04801F}.Debug|Any CPU.Build.0 = Debug|Any CPU
		{F8C3573E-711E-40A6-BFA6-17FC7B04801F}.Debug|Any CPU.Deploy.0 = Debug|Any CPU
		{F8C3573E-711E-40A6-BFA6-17FC7B04801F}.Debug|iPhone.ActiveCfg = Debug|Any CPU
		{F8C3573E-711E-40A6-BFA6-17FC7B04801F}.Debug|iPhone.Build.0 = Debug|Any CPU
		{F8C3573E-711E-40A6-BFA6-17FC7B04801F}.Debug|iPhone.Deploy.0 = Debug|Any CPU
		{F8C3573E-711E-40A6-BFA6-17FC7B04801F}.Debug|iPhoneSimulator.ActiveCfg = Debug|Any CPU
		{F8C3573E-711E-40A6-BFA6-17FC7B04801F}.Debug|iPhoneSimulator.Build.0 = Debug|Any CPU
		{F8C3573E-711E-40A6-BFA6-17FC7B04801F}.Debug|iPhoneSimulator.Deploy.0 = Debug|Any CPU
		{F8C3573E-711E-40A6-BFA6-17FC7B04801F}.Release|Any CPU.ActiveCfg = Release|Any CPU
		{F8C3573E-711E-40A6-BFA6-17FC7B04801F}.Release|Any CPU.Build.0 = Release|Any CPU
		{F8C3573E-711E-40A6-BFA6-17FC7B04801F}.Release|Any CPU.Deploy.0 = Release|Any CPU
		{F8C3573E-711E-40A6-BFA6-17FC7B04801F}.Release|iPhone.ActiveCfg = Release|Any CPU
		{F8C3573E-711E-40A6-BFA6-17FC7B04801F}.Release|iPhone.Build.0 = Release|Any CPU
		{F8C3573E-711E-40A6-BFA6-17FC7B04801F}.Release|iPhone.Deploy.0 = Release|Any CPU
		{F8C3573E-711E-40A6-BFA6-17FC7B04801F}.Release|iPhoneSimulator.ActiveCfg = Release|Any CPU
		{F8C3573E-711E-40A6-BFA6-17FC7B04801F}.Release|iPhoneSimulator.Build.0 = Release|Any CPU
		{F8C3573E-711E-40A6-BFA6-17FC7B04801F}.Release|iPhoneSimulator.Deploy.0 = Release|Any CPU
		{60A183F4-12BB-4730-8C34-B823A91C31C3}.Debug|Any CPU.ActiveCfg = Debug|iPhone
		{60A183F4-12BB-4730-8C34-B823A91C31C3}.Debug|Any CPU.Build.0 = Debug|iPhone
		{60A183F4-12BB-4730-8C34-B823A91C31C3}.Debug|Any CPU.Deploy.0 = Debug|iPhone
		{60A183F4-12BB-4730-8C34-B823A91C31C3}.Debug|iPhone.ActiveCfg = Debug|iPhone
		{60A183F4-12BB-4730-8C34-B823A91C31C3}.Debug|iPhone.Build.0 = Debug|iPhone
		{60A183F4-12BB-4730-8C34-B823A91C31C3}.Debug|iPhone.Deploy.0 = Debug|iPhone
		{60A183F4-12BB-4730-8C34-B823A91C31C3}.Debug|iPhoneSimulator.ActiveCfg = Debug|iPhoneSimulator
		{60A183F4-12BB-4730-8C34-B823A91C31C3}.Debug|iPhoneSimulator.Build.0 = Debug|iPhoneSimulator
		{60A183F4-12BB-4730-8C34-B823A91C31C3}.Debug|iPhoneSimulator.Deploy.0 = Debug|iPhoneSimulator
		{60A183F4-12BB-4730-8C34-B823A91C31C3}.Release|Any CPU.ActiveCfg = Release|iPhoneSimulator
		{60A183F4-12BB-4730-8C34-B823A91C31C3}.Release|Any CPU.Build.0 = Release|iPhoneSimulator
		{60A183F4-12BB-4730-8C34-B823A91C31C3}.Release|Any CPU.Deploy.0 = Release|iPhoneSimulator
		{60A183F4-12BB-4730-8C34-B823A91C31C3}.Release|iPhone.ActiveCfg = Release|iPhone
		{60A183F4-12BB-4730-8C34-B823A91C31C3}.Release|iPhone.Build.0 = Release|iPhone
		{60A183F4-12BB-4730-8C34-B823A91C31C3}.Release|iPhone.Deploy.0 = Release|iPhone
		{60A183F4-12BB-4730-8C34-B823A91C31C3}.Release|iPhoneSimulator.ActiveCfg = Release|iPhoneSimulator
		{60A183F4-12BB-4730-8C34-B823A91C31C3}.Release|iPhoneSimulator.Build.0 = Release|iPhoneSimulator
		{60A183F4-12BB-4730-8C34-B823A91C31C3}.Release|iPhoneSimulator.Deploy.0 = Release|iPhoneSimulator
		{949D002C-E17B-49F0-9D5E-C1281A844782}.Debug|Any CPU.ActiveCfg = Debug|Any CPU
		{949D002C-E17B-49F0-9D5E-C1281A844782}.Debug|Any CPU.Build.0 = Debug|Any CPU
		{949D002C-E17B-49F0-9D5E-C1281A844782}.Debug|Any CPU.Deploy.0 = Debug|Any CPU
		{949D002C-E17B-49F0-9D5E-C1281A844782}.Debug|iPhone.ActiveCfg = Debug|Any CPU
		{949D002C-E17B-49F0-9D5E-C1281A844782}.Debug|iPhone.Build.0 = Debug|Any CPU
		{949D002C-E17B-49F0-9D5E-C1281A844782}.Debug|iPhone.Deploy.0 = Debug|Any CPU
		{949D002C-E17B-49F0-9D5E-C1281A844782}.Debug|iPhoneSimulator.ActiveCfg = Debug|Any CPU
		{949D002C-E17B-49F0-9D5E-C1281A844782}.Debug|iPhoneSimulator.Build.0 = Debug|Any CPU
		{949D002C-E17B-49F0-9D5E-C1281A844782}.Debug|iPhoneSimulator.Deploy.0 = Debug|Any CPU
		{949D002C-E17B-49F0-9D5E-C1281A844782}.Release|Any CPU.ActiveCfg = Release|Any CPU
		{949D002C-E17B-49F0-9D5E-C1281A844782}.Release|Any CPU.Build.0 = Release|Any CPU
		{949D002C-E17B-49F0-9D5E-C1281A844782}.Release|Any CPU.Deploy.0 = Release|Any CPU
		{949D002C-E17B-49F0-9D5E-C1281A844782}.Release|iPhone.ActiveCfg = Release|Any CPU
		{949D002C-E17B-49F0-9D5E-C1281A844782}.Release|iPhone.Build.0 = Release|Any CPU
		{949D002C-E17B-49F0-9D5E-C1281A844782}.Release|iPhone.Deploy.0 = Release|Any CPU
		{949D002C-E17B-49F0-9D5E-C1281A844782}.Release|iPhoneSimulator.ActiveCfg = Release|Any CPU
		{949D002C-E17B-49F0-9D5E-C1281A844782}.Release|iPhoneSimulator.Build.0 = Release|Any CPU
		{949D002C-E17B-49F0-9D5E-C1281A844782}.Release|iPhoneSimulator.Deploy.0 = Release|Any CPU
		{C9C53287-8510-45AF-9B2F-92C795567B92}.Debug|Any CPU.ActiveCfg = Debug|Any CPU
		{C9C53287-8510-45AF-9B2F-92C795567B92}.Debug|Any CPU.Build.0 = Debug|Any CPU
		{C9C53287-8510-45AF-9B2F-92C795567B92}.Debug|iPhone.ActiveCfg = Debug|Any CPU
		{C9C53287-8510-45AF-9B2F-92C795567B92}.Debug|iPhone.Build.0 = Debug|Any CPU
		{C9C53287-8510-45AF-9B2F-92C795567B92}.Debug|iPhoneSimulator.ActiveCfg = Debug|Any CPU
		{C9C53287-8510-45AF-9B2F-92C795567B92}.Debug|iPhoneSimulator.Build.0 = Debug|Any CPU
		{C9C53287-8510-45AF-9B2F-92C795567B92}.Release|Any CPU.ActiveCfg = Release|Any CPU
		{C9C53287-8510-45AF-9B2F-92C795567B92}.Release|Any CPU.Build.0 = Release|Any CPU
		{C9C53287-8510-45AF-9B2F-92C795567B92}.Release|iPhone.ActiveCfg = Release|Any CPU
		{C9C53287-8510-45AF-9B2F-92C795567B92}.Release|iPhone.Build.0 = Release|Any CPU
		{C9C53287-8510-45AF-9B2F-92C795567B92}.Release|iPhoneSimulator.ActiveCfg = Release|Any CPU
		{C9C53287-8510-45AF-9B2F-92C795567B92}.Release|iPhoneSimulator.Build.0 = Release|Any CPU
		{DA664E33-7B6A-4816-B126-4755EF32F837}.Debug|Any CPU.ActiveCfg = Debug|Any CPU
		{DA664E33-7B6A-4816-B126-4755EF32F837}.Debug|Any CPU.Build.0 = Debug|Any CPU
		{DA664E33-7B6A-4816-B126-4755EF32F837}.Debug|iPhone.ActiveCfg = Debug|Any CPU
		{DA664E33-7B6A-4816-B126-4755EF32F837}.Debug|iPhone.Build.0 = Debug|Any CPU
		{DA664E33-7B6A-4816-B126-4755EF32F837}.Debug|iPhoneSimulator.ActiveCfg = Debug|Any CPU
		{DA664E33-7B6A-4816-B126-4755EF32F837}.Debug|iPhoneSimulator.Build.0 = Debug|Any CPU
		{DA664E33-7B6A-4816-B126-4755EF32F837}.Release|Any CPU.ActiveCfg = Release|Any CPU
		{DA664E33-7B6A-4816-B126-4755EF32F837}.Release|Any CPU.Build.0 = Release|Any CPU
		{DA664E33-7B6A-4816-B126-4755EF32F837}.Release|iPhone.ActiveCfg = Release|Any CPU
		{DA664E33-7B6A-4816-B126-4755EF32F837}.Release|iPhone.Build.0 = Release|Any CPU
		{DA664E33-7B6A-4816-B126-4755EF32F837}.Release|iPhoneSimulator.ActiveCfg = Release|Any CPU
		{DA664E33-7B6A-4816-B126-4755EF32F837}.Release|iPhoneSimulator.Build.0 = Release|Any CPU
	EndGlobalSection
	GlobalSection(SolutionProperties) = preSolution
		HideSolutionNode = FALSE
	EndGlobalSection
	GlobalSection(ExtensibilityGlobals) = postSolution
		SolutionGuid = {E5D3E0D7-03BB-48B6-81DF-4966DA0ED943}
	EndGlobalSection
EndGlobal
